
Microsoft Visual Studio Solution File, Format Version 12.00
# Visual Studio Version 16
VisualStudioVersion = 16.0.29020.237
MinimumVisualStudioVersion = 10.0.40219.1
Project("{FAE04EC0-301F-11D3-BF4B-00C04F79EFBC}") = "WebGridUsandoAspNet", "WebGridUsandoAspNet\WebGridUsandoAspNet.csproj", "{A7414616-C7FA-4AE3-B1BE-33B3E5D4A869}"
EndProject
Global
	GlobalSection(SolutionConfigurationPlatforms) = preSolution
		Debug|Any CPU = Debug|Any CPU
		Release|Any CPU = Release|Any CPU
	EndGlobalSection
	GlobalSection(ProjectConfigurationPlatforms) = postSolution
		{A7414616-C7FA-4AE3-B1BE-33B3E5D4A869}.Debug|Any CPU.ActiveCfg = Debug|Any CPU
		{A7414616-C7FA-4AE3-B1BE-33B3E5D4A869}.Debug|Any CPU.Build.0 = Debug|Any CPU
		{A7414616-C7FA-4AE3-B1BE-33B3E5D4A869}.Release|Any CPU.ActiveCfg = Release|Any CPU
		{A7414616-C7FA-4AE3-B1BE-33B3E5D4A869}.Release|Any CPU.Build.0 = Release|Any CPU
	EndGlobalSection
	GlobalSection(SolutionProperties) = preSolution
		HideSolutionNode = FALSE
	EndGlobalSection
	GlobalSection(ExtensibilityGlobals) = postSolution
		SolutionGuid = {59C9B2C4-2E30-4702-907E-6AB7FCDEA2DD}
	EndGlobalSection
EndGlobal
